
Microsoft Visual Studio Solution File, Format Version 12.00
# Visual Studio Version 17
VisualStudioVersion = 17.10.35027.167
MinimumVisualStudioVersion = 10.0.40219.1
Project("{FAE04EC0-301F-11D3-BF4B-00C04F79EFBC}") = "DRF", "DRF\DRF.csproj", "{AEB62DEE-7354-484A-81B3-8060AE5A1BA6}"
EndProject
Global
	GlobalSection(SolutionConfigurationPlatforms) = preSolution
		Debug|Any CPU = Debug|Any CPU
		Release|Any CPU = Release|Any CPU
	EndGlobalSection
	GlobalSection(ProjectConfigurationPlatforms) = postSolution
		{AEB62DEE-7354-484A-81B3-8060AE5A1BA6}.Debug|Any CPU.ActiveCfg = Debug|Any CPU
		{AEB62DEE-7354-484A-81B3-8060AE5A1BA6}.Debug|Any CPU.Build.0 = Debug|Any CPU
		{AEB62DEE-7354-484A-81B3-8060AE5A1BA6}.Release|Any CPU.ActiveCfg = Release|Any CPU
		{AEB62DEE-7354-484A-81B3-8060AE5A1BA6}.Release|Any CPU.Build.0 = Release|Any CPU
	EndGlobalSection
	GlobalSection(SolutionProperties) = preSolution
		HideSolutionNode = FALSE
	EndGlobalSection
	GlobalSection(ExtensibilityGlobals) = postSolution
		SolutionGuid = {1576C20C-977D-44C5-A3E9-8FF9804A4606}
	EndGlobalSection
EndGlobal
